
Microsoft Visual Studio Solution File, Format Version 12.00
# Visual Studio Version 16
VisualStudioVersion = 16.0.34407.143
MinimumVisualStudioVersion = 10.0.40219.1
Project("{9A19103F-16F7-4668-BE54-9A1E7A4F7556}") = "PokerGame", "PokerGame\PokerGame.csproj", "{D0ADC9D6-0281-4EE8-978A-AAD1AF78DBCA}"
EndProject
Project("{9A19103F-16F7-4668-BE54-9A1E7A4F7556}") = "PokerDataAcess", "PokerDataAcess\PokerDataAcess.csproj", "{8F6F8A08-8A01-4BD3-AFE7-1FC979DD1896}"
EndProject
Project("{9A19103F-16F7-4668-BE54-9A1E7A4F7556}") = "PokerGameControllersTests", "TestProject1\PokerGameControllersTests.csproj", "{6350425B-407C-470A-84D5-C44668021355}"
EndProject
Global
	GlobalSection(SolutionConfigurationPlatforms) = preSolution
		Debug|Any CPU = Debug|Any CPU
		Release|Any CPU = Release|Any CPU
	EndGlobalSection
	GlobalSection(ProjectConfigurationPlatforms) = postSolution
		{D0ADC9D6-0281-4EE8-978A-AAD1AF78DBCA}.Debug|Any CPU.ActiveCfg = Debug|Any CPU
		{D0ADC9D6-0281-4EE8-978A-AAD1AF78DBCA}.Debug|Any CPU.Build.0 = Debug|Any CPU
		{D0ADC9D6-0281-4EE8-978A-AAD1AF78DBCA}.Release|Any CPU.ActiveCfg = Release|Any CPU
		{D0ADC9D6-0281-4EE8-978A-AAD1AF78DBCA}.Release|Any CPU.Build.0 = Release|Any CPU
		{8F6F8A08-8A01-4BD3-AFE7-1FC979DD1896}.Debug|Any CPU.ActiveCfg = Debug|Any CPU
		{8F6F8A08-8A01-4BD3-AFE7-1FC979DD1896}.Debug|Any CPU.Build.0 = Debug|Any CPU
		{8F6F8A08-8A01-4BD3-AFE7-1FC979DD1896}.Release|Any CPU.ActiveCfg = Release|Any CPU
		{8F6F8A08-8A01-4BD3-AFE7-1FC979DD1896}.Release|Any CPU.Build.0 = Release|Any CPU
		{6350425B-407C-470A-84D5-C44668021355}.Debug|Any CPU.ActiveCfg = Debug|Any CPU
		{6350425B-407C-470A-84D5-C44668021355}.Debug|Any CPU.Build.0 = Debug|Any CPU
		{6350425B-407C-470A-84D5-C44668021355}.Release|Any CPU.ActiveCfg = Release|Any CPU
		{6350425B-407C-470A-84D5-C44668021355}.Release|Any CPU.Build.0 = Release|Any CPU
	EndGlobalSection
	GlobalSection(SolutionProperties) = preSolution
		HideSolutionNode = FALSE
	EndGlobalSection
	GlobalSection(ExtensibilityGlobals) = postSolution
		SolutionGuid = {C026DA09-EAAE-4EE8-8709-D921CCA5E99B}
	EndGlobalSection
EndGlobal
